
Microsoft Visual Studio Solution File, Format Version 12.00
# Visual Studio Version 17
VisualStudioVersion = 17.9.34728.123
MinimumVisualStudioVersion = 10.0.40219.1
Project("{FAE04EC0-301F-11D3-BF4B-00C04F79EFBC}") = "ConsoleApp2", "ConsoleApp2.csproj", "{0ED7280D-7720-4B39-97F6-1AEB6845A763}"
EndProject
Global
	GlobalSection(SolutionConfigurationPlatforms) = preSolution
		Debug|Any CPU = Debug|Any CPU
		Release|Any CPU = Release|Any CPU
	EndGlobalSection
	GlobalSection(ProjectConfigurationPlatforms) = postSolution
		{0ED7280D-7720-4B39-97F6-1AEB6845A763}.Debug|Any CPU.ActiveCfg = Debug|Any CPU
		{0ED7280D-7720-4B39-97F6-1AEB6845A763}.Debug|Any CPU.Build.0 = Debug|Any CPU
		{0ED7280D-7720-4B39-97F6-1AEB6845A763}.Release|Any CPU.ActiveCfg = Release|Any CPU
		{0ED7280D-7720-4B39-97F6-1AEB6845A763}.Release|Any CPU.Build.0 = Release|Any CPU
	EndGlobalSection
	GlobalSection(SolutionProperties) = preSolution
		HideSolutionNode = FALSE
	EndGlobalSection
	GlobalSection(ExtensibilityGlobals) = postSolution
		SolutionGuid = {5A0A919A-AA17-4691-B329-0809D35BE1F5}
	EndGlobalSection
EndGlobal
