
Microsoft Visual Studio Solution File, Format Version 12.00
# Visual Studio Version 17
VisualStudioVersion = 17.7.34009.444
MinimumVisualStudioVersion = 10.0.40219.1
Project("{FAE04EC0-301F-11D3-BF4B-00C04F79EFBC}") = "Day1", "Day1\Day1.csproj", "{F256D94E-555E-4DDC-9659-652286750D18}"
EndProject
Global
	GlobalSection(SolutionConfigurationPlatforms) = preSolution
		Debug|Any CPU = Debug|Any CPU
		Release|Any CPU = Release|Any CPU
	EndGlobalSection
	GlobalSection(ProjectConfigurationPlatforms) = postSolution
		{F256D94E-555E-4DDC-9659-652286750D18}.Debug|Any CPU.ActiveCfg = Debug|Any CPU
		{F256D94E-555E-4DDC-9659-652286750D18}.Debug|Any CPU.Build.0 = Debug|Any CPU
		{F256D94E-555E-4DDC-9659-652286750D18}.Release|Any CPU.ActiveCfg = Release|Any CPU
		{F256D94E-555E-4DDC-9659-652286750D18}.Release|Any CPU.Build.0 = Release|Any CPU
	EndGlobalSection
	GlobalSection(SolutionProperties) = preSolution
		HideSolutionNode = FALSE
	EndGlobalSection
	GlobalSection(ExtensibilityGlobals) = postSolution
		SolutionGuid = {25875A5E-5E19-4ACB-8518-295DC3E83309}
	EndGlobalSection
EndGlobal
